// !$*UTF8*$!
{
	archiveVersion = 1;
	classes = {
	};
	objectVersion = 56;
	objects = {

/* Begin PBXBuildFile section */
		B7F7A655DBA6195AC1BDF9D4 /* Pods_Realm_test.framework in Frameworks */ = {isa = PBXBuildFile; fileRef = 1B8E36600EEEB219E736033C /* Pods_Realm_test.framework */; };
		BF1417F529315FDD000B041E /* AppDelegate.swift in Sources */ = {isa = PBXBuildFile; fileRef = BF1417F429315FDD000B041E /* AppDelegate.swift */; };
		BF1417F729315FDD000B041E /* SceneDelegate.swift in Sources */ = {isa = PBXBuildFile; fileRef = BF1417F629315FDD000B041E /* SceneDelegate.swift */; };
		BF1417FC29315FDD000B041E /* Main.storyboard in Resources */ = {isa = PBXBuildFile; fileRef = BF1417FA29315FDD000B041E /* Main.storyboard */; };
		BF1417FE29315FDE000B041E /* Assets.xcassets in Resources */ = {isa = PBXBuildFile; fileRef = BF1417FD29315FDE000B041E /* Assets.xcassets */; };
		BF14180129315FDE000B041E /* LaunchScreen.storyboard in Resources */ = {isa = PBXBuildFile; fileRef = BF1417FF29315FDE000B041E /* LaunchScreen.storyboard */; };
		BF14180929316033000B041E /* TasksViewController.swift in Sources */ = {isa = PBXBuildFile; fileRef = BF14180829316033000B041E /* TasksViewController.swift */; };
		BF14180B2931626A000B041E /* TaskModel.swift in Sources */ = {isa = PBXBuildFile; fileRef = BF14180A2931626A000B041E /* TaskModel.swift */; };
		BF14180D29316612000B041E /* StorageManager.swift in Sources */ = {isa = PBXBuildFile; fileRef = BF14180C29316612000B041E /* StorageManager.swift */; };
		BF14180F29316C3C000B041E /* TaskTableViewController.swift in Sources */ = {isa = PBXBuildFile; fileRef = BF14180E29316C3C000B041E /* TaskTableViewController.swift */; };
/* End PBXBuildFile section */

/* Begin PBXFileReference section */
		1B8E36600EEEB219E736033C /* Pods_Realm_test.framework */ = {isa = PBXFileReference; explicitFileType = wrapper.framework; includeInIndex = 0; path = Pods_Realm_test.framework; sourceTree = BUILT_PRODUCTS_DIR; };
		BD0D725A1E94E21231E9AA1A /* Pods-Realm_test.debug.xcconfig */ = {isa = PBXFileReference; includeInIndex = 1; lastKnownFileType = text.xcconfig; name = "Pods-Realm_test.debug.xcconfig"; path = "Target Support Files/Pods-Realm_test/Pods-Realm_test.debug.xcconfig"; sourceTree = "<group>"; };
		BF1417F129315FDD000B041E /* Realm_test.app */ = {isa = PBXFileReference; explicitFileType = wrapper.application; includeInIndex = 0; path = Realm_test.app; sourceTree = BUILT_PRODUCTS_DIR; };
		BF1417F429315FDD000B041E /* AppDelegate.swift */ = {isa = PBXFileReference; lastKnownFileType = sourcecode.swift; path = AppDelegate.swift; sourceTree = "<group>"; };
		BF1417F629315FDD000B041E /* SceneDelegate.swift */ = {isa = PBXFileReference; lastKnownFileType = sourcecode.swift; path = SceneDelegate.swift; sourceTree = "<group>"; };
		BF1417FB29315FDD000B041E /* Base */ = {isa = PBXFileReference; lastKnownFileType = file.storyboard; name = Base; path = Base.lproj/Main.storyboard; sourceTree = "<group>"; };
		BF1417FD29315FDE000B041E /* Assets.xcassets */ = {isa = PBXFileReference; lastKnownFileType = folder.assetcatalog; path = Assets.xcassets; sourceTree = "<group>"; };
		BF14180029315FDE000B041E /* Base */ = {isa = PBXFileReference; lastKnownFileType = file.storyboard; name = Base; path = Base.lproj/LaunchScreen.storyboard; sourceTree = "<group>"; };
		BF14180229315FDE000B041E /* Info.plist */ = {isa = PBXFileReference; lastKnownFileType = text.plist.xml; path = Info.plist; sourceTree = "<group>"; };
		BF14180829316033000B041E /* TasksViewController.swift */ = {isa = PBXFileReference; lastKnownFileType = sourcecode.swift; path = TasksViewController.swift; sourceTree = "<group>"; };
		BF14180A2931626A000B041E /* TaskModel.swift */ = {isa = PBXFileReference; lastKnownFileType = sourcecode.swift; path = TaskModel.swift; sourceTree = "<group>"; };
		BF14180C29316612000B041E /* StorageManager.swift */ = {isa = PBXFileReference; lastKnownFileType = sourcecode.swift; path = StorageManager.swift; sourceTree = "<group>"; };
		BF14180E29316C3C000B041E /* TaskTableViewController.swift */ = {isa = PBXFileReference; lastKnownFileType = sourcecode.swift; path = TaskTableViewController.swift; sourceTree = "<group>"; };
		E0DBB8F8FB4A0DBAB2897FAE /* Pods-Realm_test.release.xcconfig */ = {isa = PBXFileReference; includeInIndex = 1; lastKnownFileType = text.xcconfig; name = "Pods-Realm_test.release.xcconfig"; path = "Target Support Files/Pods-Realm_test/Pods-Realm_test.release.xcconfig"; sourceTree = "<group>"; };
/* End PBXFileReference section */

/* Begin PBXFrameworksBuildPhase section */
		BF1417EE29315FDD000B041E /* Frameworks */ = {
			isa = PBXFrameworksBuildPhase;
			buildActionMask = 2147483647;
			files = (
				B7F7A655DBA6195AC1BDF9D4 /* Pods_Realm_test.framework in Frameworks */,
			);
			runOnlyForDeploymentPostprocessing = 0;
		};
/* End PBXFrameworksBuildPhase section */

/* Begin PBXGroup section */
		BF1417E829315FDD000B041E = {
			isa = PBXGroup;
			children = (
				BF1417F329315FDD000B041E /* Realm_test */,
				BF1417F229315FDD000B041E /* Products */,
				F4C0BBF2F423F0199ED7BF22 /* Pods */,
				C202C747546B1B58B11CF6CF /* Frameworks */,
			);
			sourceTree = "<group>";
		};
		BF1417F229315FDD000B041E /* Products */ = {
			isa = PBXGroup;
			children = (
				BF1417F129315FDD000B041E /* Realm_test.app */,
			);
			name = Products;
			sourceTree = "<group>";
		};
		BF1417F329315FDD000B041E /* Realm_test */ = {
			isa = PBXGroup;
			children = (
				BF1417F429315FDD000B041E /* AppDelegate.swift */,
				BF1417F629315FDD000B041E /* SceneDelegate.swift */,
				BF14180829316033000B041E /* TasksViewController.swift */,
				BF1417FA29315FDD000B041E /* Main.storyboard */,
				BF1417FD29315FDE000B041E /* Assets.xcassets */,
				BF1417FF29315FDE000B041E /* LaunchScreen.storyboard */,
				BF14180229315FDE000B041E /* Info.plist */,
				BF14180A2931626A000B041E /* TaskModel.swift */,
				BF14180C29316612000B041E /* StorageManager.swift */,
				BF14180E29316C3C000B041E /* TaskTableViewController.swift */,
			);
			path = Realm_test;
			sourceTree = "<group>";
		};
		C202C747546B1B58B11CF6CF /* Frameworks */ = {
			isa = PBXGroup;
			children = (
				1B8E36600EEEB219E736033C /* Pods_Realm_test.framework */,
			);
			name = Frameworks;
			sourceTree = "<group>";
		};
		F4C0BBF2F423F0199ED7BF22 /* Pods */ = {
			isa = PBXGroup;
			children = (
				BD0D725A1E94E21231E9AA1A /* Pods-Realm_test.debug.xcconfig */,
				E0DBB8F8FB4A0DBAB2897FAE /* Pods-Realm_test.release.xcconfig */,
			);
			path = Pods;
			sourceTree = "<group>";
		};
/* End PBXGroup section */

/* Begin PBXNativeTarget section */
		BF1417F029315FDD000B041E /* Realm_test */ = {
			isa = PBXNativeTarget;
			buildConfigurationList = BF14180529315FDE000B041E /* Build configuration list for PBXNativeTarget "Realm_test" */;
			buildPhases = (
				499F02FE2E5E14D2C1950199 /* [CP] Check Pods Manifest.lock */,
				BF1417ED29315FDD000B041E /* Sources */,
				BF1417EE29315FDD000B041E /* Frameworks */,
				BF1417EF29315FDD000B041E /* Resources */,
				A122691F820D7C57356BE4D2 /* [CP] Embed Pods Frameworks */,
			);
			buildRules = (
			);
			dependencies = (
			);
			name = Realm_test;
			productName = Realm_test;
			productReference = BF1417F129315FDD000B041E /* Realm_test.app */;
			productType = "com.apple.product-type.application";
		};
/* End PBXNativeTarget section */

/* Begin PBXProject section */
		BF1417E929315FDD000B041E /* Project object */ = {
			isa = PBXProject;
			attributes = {
				BuildIndependentTargetsInParallel = 1;
				LastSwiftUpdateCheck = 1400;
				LastUpgradeCheck = 1400;
				TargetAttributes = {
					BF1417F029315FDD000B041E = {
						CreatedOnToolsVersion = 14.0.1;
					};
				};
			};
			buildConfigurationList = BF1417EC29315FDD000B041E /* Build configuration list for PBXProject "Realm_test" */;
			compatibilityVersion = "Xcode 14.0";
			developmentRegion = en;
			hasScannedForEncodings = 0;
			knownRegions = (
				en,
				Base,
			);
			mainGroup = BF1417E829315FDD000B041E;
			productRefGroup = BF1417F229315FDD000B041E /* Products */;
			projectDirPath = "";
			projectRoot = "";
			targets = (
				BF1417F029315FDD000B041E /* Realm_test */,
			);
		};
/* End PBXProject section */

/* Begin PBXResourcesBuildPhase section */
		BF1417EF29315FDD000B041E /* Resources */ = {
			isa = PBXResourcesBuildPhase;
			buildActionMask = 2147483647;
			files = (
				BF14180129315FDE000B041E /* LaunchScreen.storyboard in Resources */,
				BF1417FE29315FDE000B041E /* Assets.xcassets in Resources */,
				BF1417FC29315FDD000B041E /* Main.storyboard in Resources */,
			);
			runOnlyForDeploymentPostprocessing = 0;
		};
/* End PBXResourcesBuildPhase section */

/* Begin PBXShellScriptBuildPhase section */
		499F02FE2E5E14D2C1950199 /* [CP] Check Pods Manifest.lock */ = {
			isa = PBXShellScriptBuildPhase;
			buildActionMask = 2147483647;
			files = (
			);
			inputFileListPaths = (
			);
			inputPaths = (
				"${PODS_PODFILE_DIR_PATH}/Podfile.lock",
				"${PODS_ROOT}/Manifest.lock",
			);
			name = "[CP] Check Pods Manifest.lock";
			outputFileListPaths = (
			);
			outputPaths = (
				"$(DERIVED_FILE_DIR)/Pods-Realm_test-checkManifestLockResult.txt",
			);
			runOnlyForDeploymentPostprocessing = 0;
			shellPath = /bin/sh;
			shellScript = "diff \"${PODS_PODFILE_DIR_PATH}/Podfile.lock\" \"${PODS_ROOT}/Manifest.lock\" > /dev/null\nif [ $? != 0 ] ; then\n    # print error to STDERR\n    echo \"error: The sandbox is not in sync with the Podfile.lock. Run 'pod install' or update your CocoaPods installation.\" >&2\n    exit 1\nfi\n# This output is used by Xcode 'outputs' to avoid re-running this script phase.\necho \"SUCCESS\" > \"${SCRIPT_OUTPUT_FILE_0}\"\n";
			showEnvVarsInLog = 0;
		};
		A122691F820D7C57356BE4D2 /* [CP] Embed Pods Frameworks */ = {
			isa = PBXShellScriptBuildPhase;
			buildActionMask = 2147483647;
			files = (
			);
			inputFileListPaths = (
				"${PODS_ROOT}/Target Support Files/Pods-Realm_test/Pods-Realm_test-frameworks-${CONFIGURATION}-input-files.xcfilelist",
			);
			name = "[CP] Embed Pods Frameworks";
			outputFileListPaths = (
				"${PODS_ROOT}/Target Support Files/Pods-Realm_test/Pods-Realm_test-frameworks-${CONFIGURATION}-output-files.xcfilelist",
			);
			runOnlyForDeploymentPostprocessing = 0;
			shellPath = /bin/sh;
			shellScript = "\"${PODS_ROOT}/Target Support Files/Pods-Realm_test/Pods-Realm_test-frameworks.sh\"\n";
			showEnvVarsInLog = 0;
		};
/* End PBXShellScriptBuildPhase section */

/* Begin PBXSourcesBuildPhase section */
		BF1417ED29315FDD000B041E /* Sources */ = {
			isa = PBXSourcesBuildPhase;
			buildActionMask = 2147483647;
			files = (
				BF14180F29316C3C000B041E /* TaskTableViewController.swift in Sources */,
				BF14180929316033000B041E /* TasksViewController.swift in Sources */,
				BF1417F529315FDD000B041E /* AppDelegate.swift in Sources */,
				BF14180D29316612000B041E /* StorageManager.swift in Sources */,
				BF14180B2931626A000B041E /* TaskModel.swift in Sources */,
				BF1417F729315FDD000B041E /* SceneDelegate.swift in Sources */,
			);
			runOnlyForDeploymentPostprocessing = 0;
		};
/* End PBXSourcesBuildPhase section */

/* Begin PBXVariantGroup section */
		BF1417FA29315FDD000B041E /* Main.storyboard */ = {
			isa = PBXVariantGroup;
			children = (
				BF1417FB29315FDD000B041E /* Base */,
			);
			name = Main.storyboard;
			sourceTree = "<group>";
		};
		BF1417FF29315FDE000B041E /* LaunchScreen.storyboard */ = {
			isa = PBXVariantGroup;
			children = (
				BF14180029315FDE000B041E /* Base */,
			);
			name = LaunchScreen.storyboard;
			sourceTree = "<group>";
		};
/* End PBXVariantGroup section */

/* Begin XCBuildConfiguration section */
		BF14180329315FDE000B041E /* Debug */ = {
			isa = XCBuildConfiguration;
			buildSettings = {
				ALWAYS_SEARCH_USER_PATHS = NO;
				CLANG_ANALYZER_NONNULL = YES;
				CLANG_ANALYZER_NUMBER_OBJECT_CONVERSION = YES_AGGRESSIVE;
				CLANG_CXX_LANGUAGE_STANDARD = "gnu++20";
				CLANG_ENABLE_MODULES = YES;
				CLANG_ENABLE_OBJC_ARC = YES;
				CLANG_ENABLE_OBJC_WEAK = YES;
				CLANG_WARN_BLOCK_CAPTURE_AUTORELEASING = YES;
				CLANG_WARN_BOOL_CONVERSION = YES;
				CLANG_WARN_COMMA = YES;
				CLANG_WARN_CONSTANT_CONVERSION = YES;
				CLANG_WARN_DEPRECATED_OBJC_IMPLEMENTATIONS = YES;
				CLANG_WARN_DIRECT_OBJC_ISA_USAGE = YES_ERROR;
				CLANG_WARN_DOCUMENTATION_COMMENTS = YES;
				CLANG_WARN_EMPTY_BODY = YES;
				CLANG_WARN_ENUM_CONVERSION = YES;
				CLANG_WARN_INFINITE_RECURSION = YES;
				CLANG_WARN_INT_CONVERSION = YES;
				CLANG_WARN_NON_LITERAL_NULL_CONVERSION = YES;
				CLANG_WARN_OBJC_IMPLICIT_RETAIN_SELF = YES;
				CLANG_WARN_OBJC_LITERAL_CONVERSION = YES;
				CLANG_WARN_OBJC_ROOT_CLASS = YES_ERROR;
				CLANG_WARN_QUOTED_INCLUDE_IN_FRAMEWORK_HEADER = YES;
				CLANG_WARN_RANGE_LOOP_ANALYSIS = YES;
				CLANG_WARN_STRICT_PROTOTYPES = YES;
				CLANG_WARN_SUSPICIOUS_MOVE = YES;
				CLANG_WARN_UNGUARDED_AVAILABILITY = YES_AGGRESSIVE;
				CLANG_WARN_UNREACHABLE_CODE = YES;
				CLANG_WARN__DUPLICATE_METHOD_MATCH = YES;
				COPY_PHASE_STRIP = NO;
				DEBUG_INFORMATION_FORMAT = dwarf;
				ENABLE_STRICT_OBJC_MSGSEND = YES;
				ENABLE_TESTABILITY = YES;
				GCC_C_LANGUAGE_STANDARD = gnu11;
				GCC_DYNAMIC_NO_PIC = NO;
				GCC_NO_COMMON_BLOCKS = YES;
				GCC_OPTIMIZATION_LEVEL = 0;
				GCC_PREPROCESSOR_DEFINITIONS = (
					"DEBUG=1",
					"$(inherited)",
				);
				GCC_WARN_64_TO_32_BIT_CONVERSION = YES;
				GCC_WARN_ABOUT_RETURN_TYPE = YES_ERROR;
				GCC_WARN_UNDECLARED_SELECTOR = YES;
				GCC_WARN_UNINITIALIZED_AUTOS = YES_AGGRESSIVE;
				GCC_WARN_UNUSED_FUNCTION = YES;
				GCC_WARN_UNUSED_VARIABLE = YES;
				IPHONEOS_DEPLOYMENT_TARGET = 16.0;
				MTL_ENABLE_DEBUG_INFO = INCLUDE_SOURCE;
				MTL_FAST_MATH = YES;
				ONLY_ACTIVE_ARCH = YES;
				SDKROOT = iphoneos;
				SWIFT_ACTIVE_COMPILATION_CONDITIONS = DEBUG;
				SWIFT_OPTIMIZATION_LEVEL = "-Onone";
			};
			name = Debug;
		};
		BF14180429315FDE000B041E /* Release */ = {
			isa = XCBuildConfiguration;
			buildSettings = {
				ALWAYS_SEARCH_USER_PATHS = NO;
				CLANG_ANALYZER_NONNULL = YES;
				CLANG_ANALYZER_NUMBER_OBJECT_CONVERSION = YES_AGGRESSIVE;
				CLANG_CXX_LANGUAGE_STANDARD = "gnu++20";
				CLANG_ENABLE_MODULES = YES;
				CLANG_ENABLE_OBJC_ARC = YES;
				CLANG_ENABLE_OBJC_WEAK = YES;
				CLANG_WARN_BLOCK_CAPTURE_AUTORELEASING = YES;
				CLANG_WARN_BOOL_CONVERSION = YES;
				CLANG_WARN_COMMA = YES;
				CLANG_WARN_CONSTANT_CONVERSION = YES;
				CLANG_WARN_DEPRECATED_OBJC_IMPLEMENTATIONS = YES;
				CLANG_WARN_DIRECT_OBJC_ISA_USAGE = YES_ERROR;
				CLANG_WARN_DOCUMENTATION_COMMENTS = YES;
				CLANG_WARN_EMPTY_BODY = YES;
				CLANG_WARN_ENUM_CONVERSION = YES;
				CLANG_WARN_INFINITE_RECURSION = YES;
				CLANG_WARN_INT_CONVERSION = YES;
				CLANG_WARN_NON_LITERAL_NULL_CONVERSION = YES;
				CLANG_WARN_OBJC_IMPLICIT_RETAIN_SELF = YES;
				CLANG_WARN_OBJC_LITERAL_CONVERSION = YES;
				CLANG_WARN_OBJC_ROOT_CLASS = YES_ERROR;
				CLANG_WARN_QUOTED_INCLUDE_IN_FRAMEWORK_HEADER = YES;
				CLANG_WARN_RANGE_LOOP_ANALYSIS = YES;
				CLANG_WARN_STRICT_PROTOTYPES = YES;
				CLANG_WARN_SUSPICIOUS_MOVE = YES;
				CLANG_WARN_UNGUARDED_AVAILABILITY = YES_AGGRESSIVE;
				CLANG_WARN_UNREACHABLE_CODE = YES;
				CLANG_WARN__DUPLICATE_METHOD_MATCH = YES;
				COPY_PHASE_STRIP = NO;
				DEBUG_INFORMATION_FORMAT = "dwarf-with-dsym";
				ENABLE_NS_ASSERTIONS = NO;
				ENABLE_STRICT_OBJC_MSGSEND = YES;
				GCC_C_LANGUAGE_STANDARD = gnu11;
				GCC_NO_COMMON_BLOCKS = YES;
				GCC_WARN_64_TO_32_BIT_CONVERSION = YES;
				GCC_WARN_ABOUT_RETURN_TYPE = YES_ERROR;
				GCC_WARN_UNDECLARED_SELECTOR = YES;
				GCC_WARN_UNINITIALIZED_AUTOS = YES_AGGRESSIVE;
				GCC_WARN_UNUSED_FUNCTION = YES;
				GCC_WARN_UNUSED_VARIABLE = YES;
				IPHONEOS_DEPLOYMENT_TARGET = 16.0;
				MTL_ENABLE_DEBUG_INFO = NO;
				MTL_FAST_MATH = YES;
				SDKROOT = iphoneos;
				SWIFT_COMPILATION_MODE = wholemodule;
				SWIFT_OPTIMIZATION_LEVEL = "-O";
				VALIDATE_PRODUCT = YES;
			};
			name = Release;
		};
		BF14180629315FDE000B041E /* Debug */ = {
			isa = XCBuildConfiguration;
			baseConfigurationReference = BD0D725A1E94E21231E9AA1A /* Pods-Realm_test.debug.xcconfig */;
			buildSettings = {
				ASSETCATALOG_COMPILER_APPICON_NAME = AppIcon;
				ASSETCATALOG_COMPILER_GLOBAL_ACCENT_COLOR_NAME = AccentColor;
				CODE_SIGN_STYLE = Automatic;
				CURRENT_PROJECT_VERSION = 1;
				DEVELOPMENT_TEAM = HGNXB64TGD;
				GENERATE_INFOPLIST_FILE = YES;
				INFOPLIST_FILE = Realm_test/Info.plist;
				INFOPLIST_KEY_UIApplicationSupportsIndirectInputEvents = YES;
				INFOPLIST_KEY_UILaunchStoryboardName = LaunchScreen;
				INFOPLIST_KEY_UIMainStoryboardFile = Main;
				INFOPLIST_KEY_UISupportedInterfaceOrientations_iPad = "UIInterfaceOrientationPortrait UIInterfaceOrientationPortraitUpsideDown UIInterfaceOrientationLandscapeLeft UIInterfaceOrientationLandscapeRight";
				INFOPLIST_KEY_UISupportedInterfaceOrientations_iPhone = "UIInterfaceOrientationPortrait UIInterfaceOrientationLandscapeLeft UIInterfaceOrientationLandscapeRight";
				LD_RUNPATH_SEARCH_PATHS = (
					"$(inherited)",
					"@executable_path/Frameworks",
				);
				MARKETING_VERSION = 1.0;
				PRODUCT_BUNDLE_IDENTIFIER = "mmg.Realm-test";
				PRODUCT_NAME = "$(TARGET_NAME)";
				SWIFT_EMIT_LOC_STRINGS = YES;
				SWIFT_VERSION = 5.0;
				TARGETED_DEVICE_FAMILY = "1,2";
			};
			name = Debug;
		};
		BF14180729315FDE000B041E /* Release */ = {
			isa = XCBuildConfiguration;
			baseConfigurationReference = E0DBB8F8FB4A0DBAB2897FAE /* Pods-Realm_test.release.xcconfig */;
			buildSettings = {
				ASSETCATALOG_COMPILER_APPICON_NAME = AppIcon;
				ASSETCATALOG_COMPILER_GLOBAL_ACCENT_COLOR_NAME = AccentColor;
				CODE_SIGN_STYLE = Automatic;
				CURRENT_PROJECT_VERSION = 1;
				DEVELOPMENT_TEAM = HGNXB64TGD;
				GENERATE_INFOPLIST_FILE = YES;
				INFOPLIST_FILE = Realm_test/Info.plist;
				INFOPLIST_KEY_UIApplicationSupportsIndirectInputEvents = YES;
				INFOPLIST_KEY_UILaunchStoryboardName = LaunchScreen;
				INFOPLIST_KEY_UIMainStoryboardFile = Main;
				INFOPLIST_KEY_UISupportedInterfaceOrientations_iPad = "UIInterfaceOrientationPortrait UIInterfaceOrientationPortraitUpsideDown UIInterfaceOrientationLandscapeLeft UIInterfaceOrientationLandscapeRight";
				INFOPLIST_KEY_UISupportedInterfaceOrientations_iPhone = "UIInterfaceOrientationPortrait UIInterfaceOrientationLandscapeLeft UIInterfaceOrientationLandscapeRight";
				LD_RUNPATH_SEARCH_PATHS = (
					"$(inherited)",
					"@executable_path/Frameworks",
				);
				MARKETING_VERSION = 1.0;
				PRODUCT_BUNDLE_IDENTIFIER = "mmg.Realm-test";
				PRODUCT_NAME = "$(TARGET_NAME)";
				SWIFT_EMIT_LOC_STRINGS = YES;
				SWIFT_VERSION = 5.0;
				TARGETED_DEVICE_FAMILY = "1,2";
			};
			name = Release;
		};
/* End XCBuildConfiguration section */

/* Begin XCConfigurationList section */
		BF1417EC29315FDD000B041E /* Build configuration list for PBXProject "Realm_test" */ = {
			isa = XCConfigurationList;
			buildConfigurations = (
				BF14180329315FDE000B041E /* Debug */,
				BF14180429315FDE000B041E /* Release */,
			);
			defaultConfigurationIsVisible = 0;
			defaultConfigurationName = Release;
		};
		BF14180529315FDE000B041E /* Build configuration list for PBXNativeTarget "Realm_test" */ = {
			isa = XCConfigurationList;
			buildConfigurations = (
				BF14180629315FDE000B041E /* Debug */,
				BF14180729315FDE000B041E /* Release */,
			);
			defaultConfigurationIsVisible = 0;
			defaultConfigurationName = Release;
		};
/* End XCConfigurationList section */
	};
	rootObject = BF1417E929315FDD000B041E /* Project object */;
}
